
Microsoft Visual Studio Solution File, Format Version 12.00
# Visual Studio Version 17
VisualStudioVersion = 17.6.33815.320
MinimumVisualStudioVersion = 10.0.40219.1
Project("{FAE04EC0-301F-11D3-BF4B-00C04F79EFBC}") = "BazaOdKnigi", "BazaOdKnigi\BazaOdKnigi.csproj", "{C024F053-C264-4454-8326-15C26C150135}"
EndProject
Global
	GlobalSection(SolutionConfigurationPlatforms) = preSolution
		Debug|Any CPU = Debug|Any CPU
		Release|Any CPU = Release|Any CPU
	EndGlobalSection
	GlobalSection(ProjectConfigurationPlatforms) = postSolution
		{C024F053-C264-4454-8326-15C26C150135}.Debug|Any CPU.ActiveCfg = Debug|Any CPU
		{C024F053-C264-4454-8326-15C26C150135}.Debug|Any CPU.Build.0 = Debug|Any CPU
		{C024F053-C264-4454-8326-15C26C150135}.Release|Any CPU.ActiveCfg = Release|Any CPU
		{C024F053-C264-4454-8326-15C26C150135}.Release|Any CPU.Build.0 = Release|Any CPU
	EndGlobalSection
	GlobalSection(SolutionProperties) = preSolution
		HideSolutionNode = FALSE
	EndGlobalSection
	GlobalSection(ExtensibilityGlobals) = postSolution
		SolutionGuid = {3307A4FB-BF4B-4543-A05C-BC94D0505DD2}
	EndGlobalSection
EndGlobal
